
Microsoft Visual Studio Solution File, Format Version 12.00
Project("{FAE04EC0-301F-11D3-BF4B-00C04F79EFBC}") = "CalculatorLogic", "CalculatorLogic\CalculatorLogic.csproj", "{65503B5B-8E75-46B5-BAF2-6D71C791F0E7}"
EndProject
Project("{FAE04EC0-301F-11D3-BF4B-00C04F79EFBC}") = "CalculatorLogicUnitTests", "CalculatorLogicUnitTests\CalculatorLogicUnitTests.csproj", "{50964BCA-539A-4665-AAEF-E3CC723EE2F6}"
EndProject
Project("{FAE04EC0-301F-11D3-BF4B-00C04F79EFBC}") = "CalculatorWebServerApp", "CalculatorWebServerApp\CalculatorWebServerApp.csproj", "{BC857115-32EE-487F-90CB-3264AADD151B}"
EndProject
Project("{FAE04EC0-301F-11D3-BF4B-00C04F79EFBC}") = "CalculatorEndToEndTests", "CalculatorEndToEndTests\CalculatorEndToEndTests.csproj", "{02104F18-4252-46A0-A8E9-DF5956576F4B}"
EndProject
Global
	GlobalSection(SolutionConfigurationPlatforms) = preSolution
		Debug|Any CPU = Debug|Any CPU
		Release|Any CPU = Release|Any CPU
	EndGlobalSection
	GlobalSection(ProjectConfigurationPlatforms) = postSolution
		{65503B5B-8E75-46B5-BAF2-6D71C791F0E7}.Debug|Any CPU.ActiveCfg = Debug|Any CPU
		{65503B5B-8E75-46B5-BAF2-6D71C791F0E7}.Debug|Any CPU.Build.0 = Debug|Any CPU
		{65503B5B-8E75-46B5-BAF2-6D71C791F0E7}.Release|Any CPU.ActiveCfg = Release|Any CPU
		{65503B5B-8E75-46B5-BAF2-6D71C791F0E7}.Release|Any CPU.Build.0 = Release|Any CPU
		{50964BCA-539A-4665-AAEF-E3CC723EE2F6}.Debug|Any CPU.ActiveCfg = Debug|Any CPU
		{50964BCA-539A-4665-AAEF-E3CC723EE2F6}.Debug|Any CPU.Build.0 = Debug|Any CPU
		{50964BCA-539A-4665-AAEF-E3CC723EE2F6}.Release|Any CPU.ActiveCfg = Release|Any CPU
		{50964BCA-539A-4665-AAEF-E3CC723EE2F6}.Release|Any CPU.Build.0 = Release|Any CPU
		{BC857115-32EE-487F-90CB-3264AADD151B}.Debug|Any CPU.ActiveCfg = Debug|Any CPU
		{BC857115-32EE-487F-90CB-3264AADD151B}.Debug|Any CPU.Build.0 = Debug|Any CPU
		{BC857115-32EE-487F-90CB-3264AADD151B}.Release|Any CPU.ActiveCfg = Release|Any CPU
		{BC857115-32EE-487F-90CB-3264AADD151B}.Release|Any CPU.Build.0 = Release|Any CPU
		{02104F18-4252-46A0-A8E9-DF5956576F4B}.Debug|Any CPU.ActiveCfg = Debug|Any CPU
		{02104F18-4252-46A0-A8E9-DF5956576F4B}.Debug|Any CPU.Build.0 = Debug|Any CPU
		{02104F18-4252-46A0-A8E9-DF5956576F4B}.Release|Any CPU.ActiveCfg = Release|Any CPU
		{02104F18-4252-46A0-A8E9-DF5956576F4B}.Release|Any CPU.Build.0 = Release|Any CPU
	EndGlobalSection
EndGlobal
